{
    "_readme": [
        "This file locks the dependencies of your project to a known state",
        "Read more about it at http://getcomposer.org/doc/01-basic-usage.md#composer-lock-the-lock-file",
        "This file is @generated automatically"
    ],
    "hash": "db2525cb16a4987526d9b14832047f25",
    "packages": [
        {
            "name": "twig/twig",
            "version": "v1.16.0",
            "source": {
                "type": "git",
                "url": "https://github.com/fabpot/Twig.git",
                "reference": "8ce37115802e257a984a82d38254884085060024"
            },
            "dist": {
                "type": "zip",
                "url": "https://api.github.com/repos/fabpot/Twig/zipball/8ce37115802e257a984a82d38254884085060024",
                "reference": "8ce37115802e257a984a82d38254884085060024",
                "shasum": ""
            },
            "require": {
                "php": ">=5.2.4"
            },
            "type": "library",
            "extra": {
                "branch-alias": {
                    "dev-master": "1.16-dev"
                }
            },
            "autoload": {
                "psr-0": {
                    "Twig_": "lib/"
                }
            },
            "notification-url": "https://packagist.org/downloads/",
            "license": [
                "BSD-3-Clause"
            ],
            "authors": [
                {
                    "name": "Fabien Potencier",
                    "email": "fabien@symfony.com",
                    "homepage": "http://fabien.potencier.org",
                    "role": "Lead Developer"
                },
                {
                    "name": "Armin Ronacher",
                    "email": "armin.ronacher@active-4.com",
                    "role": "Project Founder"
                },
                {
                    "name": "Twig Team",
                    "homepage": "https://github.com/fabpot/Twig/graphs/contributors",
                    "role": "Contributors"
                }
            ],
            "description": "Twig, the flexible, fast, and secure template language for PHP",
            "homepage": "http://twig.sensiolabs.org",
            "keywords": [
                "templating"
            ],
            "time": "2014-07-05 12:19:05"
        },
        {
            "name": "wixel/gump",
            "version": "v1.1",
            "source": {
                "type": "git",
                "url": "https://github.com/Wixel/GUMP.git",
                "reference": "0202bbf7a5211ea00169abcf22e8c238c91e4c74"
            },
            "dist": {
                "type": "zip",
                "url": "https://api.github.com/repos/Wixel/GUMP/zipball/0202bbf7a5211ea00169abcf22e8c238c91e4c74",
                "reference": "0202bbf7a5211ea00169abcf22e8c238c91e4c74",
                "shasum": ""
            },
            "type": "library",
            "autoload": {
                "files": [
                    "gump.class.php"
                ]
            },
            "notification-url": "https://packagist.org/downloads/",
            "license": [
                "MIT"
            ],
            "authors": [
                {
                    "name": "Rob Crowe",
                    "email": "hello@vivalacrowe.com",
                    "homepage": "http://vivalacrowe.com"
                },
                {
                    "name": "Colleen Emryss",
                    "homepage": "http://skitter.tv"
                },
                {
                    "name": "Mark Slingsby",
                    "homepage": "http://www.rsaweb.co.za"
                },
                {
                    "name": "Roy de Kleijn",
                    "homepage": "http://roydekleijn.com"
                },
                {
                    "name": "Christian Klisch",
                    "homepage": "http://www.christian-klisch.de/"
                },
                {
                    "name": "Inge Brattaas",
                    "homepage": "http://res.no/"
                }
            ],
            "description": "A fast, extensible & stand-alone PHP input validation class that allows you to validate any data",
            "homepage": "http://wixelhq.com/",
            "time": "2014-06-10 08:22:27"
        }
    ],
    "packages-dev": [

    ],
    "aliases": [

    ],
    "minimum-stability": "stable",
    "stability-flags": [

    ],
    "prefer-stable": false,
    "platform": [

    ],
    "platform-dev": [

    ]
}
